{
  "name": "app-segura",
  "version": "1.0.0",
  "scripts": {
    "preinstall": "npx --yes npm-force-resolutions"
  },
  "dependencies": {
    "express": "^4.19.2",
    "cross-spawn": "^7.0.5",
    "glob": "^11.1.0"
  },
  "resolutions": {
    "**/glob": "^11.1.0"
  },
  "overrides": {
    "glob": "^11.1.0"
  }
}